{
  "name": "pi-extensions",
  "version": "0.1.0",
  "lockfileVersion": 3,
  "requires": true,
  "packages": {
    "": {
      "name": "pi-extensions",
      "version": "0.1.0",
      "license": "MIT",
      "workspaces": [
        "packages/*"
      ]
    },
    "node_modules/pi-context-usage": {
      "resolved": "packages/context-usage",
      "link": true
    },
    "node_modules/pi-handoff": {
      "resolved": "packages/handoff",
      "link": true
    },
    "node_modules/pi-tools-manager": {
      "resolved": "packages/tools",
      "link": true
    },
    "packages/context-usage": {
      "name": "pi-context-usage",
      "version": "0.1.0",
      "license": "MIT"
    },
    "packages/handoff": {
      "name": "pi-handoff",
      "version": "0.1.0",
      "license": "MIT"
    },
    "packages/permission-sandbox": {
      "name": "pi-permission-sandbox",
      "version": "0.1.0",
      "extraneous": true,
      "license": "MIT",
      "dependencies": {
        "@anthropic-ai/sandbox-runtime": "0.0.26"
      }
    },
    "packages/tools": {
      "name": "pi-tools-manager",
      "version": "0.1.0",
      "license": "MIT"
    }
  }
}
